
Microsoft Visual Studio Solution File, Format Version 12.00
# Visual Studio 14
VisualStudioVersion = 14.0.22823.1
MinimumVisualStudioVersion = 10.0.40219.1
Project("{FAE04EC0-301F-11D3-BF4B-00C04F79EFBC}") = "MSTest", "MSTest\MSTest.csproj", "{DF38C7C6-020F-4A8A-AAE3-ECDD8584FCAA}"
EndProject
Project("{FAE04EC0-301F-11D3-BF4B-00C04F79EFBC}") = "NUnit", "NUnit\NUnit.csproj", "{6B9204F8-44A3-4B65-A8AC-0EFB95DD63A6}"
EndProject
Project("{FAE04EC0-301F-11D3-BF4B-00C04F79EFBC}") = "xUnit", "xUnit\xUnit.csproj", "{A7CF5A44-5088-4029-9088-197C7A78A279}"
EndProject
Global
	GlobalSection(SolutionConfigurationPlatforms) = preSolution
		Debug|Any CPU = Debug|Any CPU
		Release|Any CPU = Release|Any CPU
	EndGlobalSection
	GlobalSection(ProjectConfigurationPlatforms) = postSolution
		{DF38C7C6-020F-4A8A-AAE3-ECDD8584FCAA}.Debug|Any CPU.ActiveCfg = Debug|Any CPU
		{DF38C7C6-020F-4A8A-AAE3-ECDD8584FCAA}.Debug|Any CPU.Build.0 = Debug|Any CPU
		{DF38C7C6-020F-4A8A-AAE3-ECDD8584FCAA}.Release|Any CPU.ActiveCfg = Release|Any CPU
		{DF38C7C6-020F-4A8A-AAE3-ECDD8584FCAA}.Release|Any CPU.Build.0 = Release|Any CPU
		{6B9204F8-44A3-4B65-A8AC-0EFB95DD63A6}.Debug|Any CPU.ActiveCfg = Debug|Any CPU
		{6B9204F8-44A3-4B65-A8AC-0EFB95DD63A6}.Debug|Any CPU.Build.0 = Debug|Any CPU
		{6B9204F8-44A3-4B65-A8AC-0EFB95DD63A6}.Release|Any CPU.ActiveCfg = Release|Any CPU
		{6B9204F8-44A3-4B65-A8AC-0EFB95DD63A6}.Release|Any CPU.Build.0 = Release|Any CPU
		{A7CF5A44-5088-4029-9088-197C7A78A279}.Debug|Any CPU.ActiveCfg = Debug|Any CPU
		{A7CF5A44-5088-4029-9088-197C7A78A279}.Debug|Any CPU.Build.0 = Debug|Any CPU
		{A7CF5A44-5088-4029-9088-197C7A78A279}.Release|Any CPU.ActiveCfg = Release|Any CPU
		{A7CF5A44-5088-4029-9088-197C7A78A279}.Release|Any CPU.Build.0 = Release|Any CPU
	EndGlobalSection
	GlobalSection(SolutionProperties) = preSolution
		HideSolutionNode = FALSE
	EndGlobalSection
EndGlobal
